PODS:
  - MetalPetal (1.9.0):
    - MetalPetal/Core (= 1.9.0)
  - MetalPetal/Core (1.9.0)
  - MTTransitions (0.2.0):
    - MetalPetal

DEPENDENCIES:
  - MTTransitions (from `.`)

SPEC REPOS:
  trunk:
    - MetalPetal

EXTERNAL SOURCES:
  MTTransitions:
    :path: "."

SPEC CHECKSUMS:
  MetalPetal: 07d93f6b0e8bcdd4da238dbb2b769b5405f183c0
  MTTransitions: 7e9e09286760ef3ad3d7b3822d8c90b81beb1884

PODFILE CHECKSUM: 24d27dbe8ef895fffd24c68a9703a841f02f81df

COCOAPODS: 1.9.1
