PODS:
  - MetalPetal (1.22.0):
    - MetalPetal/Core (= 1.22.0)
  - MetalPetal/Core (1.22.0)
  - MetalPetal/Swift (1.22.0):
    - MetalPetal/Core
  - MTTransitions (1.6.5):
    - MetalPetal
    - MetalPetal/Swift

DEPENDENCIES:
  - MTTransitions (from `.`)

SPEC REPOS:
  trunk:
    - MetalPetal

EXTERNAL SOURCES:
  MTTransitions:
    :path: "."

SPEC CHECKSUMS:
  MetalPetal: f4325f3a0dbccdcd1b39e385a9c19d4cc9e803c8
  MTTransitions: f4818ba485abc477545af4ee483c00b717dfd76e

PODFILE CHECKSUM: 1c191667b33e66fe3cb9571c46a03b195023b8c4

COCOAPODS: 1.11.3
