PODS:
  - MetalPetal (1.9.0):
    - MetalPetal/Core (= 1.9.0)
  - MetalPetal/Core (1.9.0)
  - MTTransitions (1.0.0):
    - MetalPetal

DEPENDENCIES:
  - MTTransitions (from `.`)

SPEC REPOS:
  trunk:
    - MetalPetal

EXTERNAL SOURCES:
  MTTransitions:
    :path: "."

SPEC CHECKSUMS:
  MetalPetal: 07d93f6b0e8bcdd4da238dbb2b769b5405f183c0
  MTTransitions: 274339455fc62e78e5a7888a96d7fe5d462d551d

PODFILE CHECKSUM: f25f5114d0b23dd8d0de17e3a4ff22fcbcb89073

COCOAPODS: 1.9.1
